
Microsoft Visual Studio Solution File, Format Version 12.00
Project("{FAE04EC0-301F-11D3-BF4B-00C04F79EFBC}") = "Xtzp.Extensions", "Xtzp.Extensions\Xtzp.Extensions.csproj", "{28D0446C-87BE-48B1-85F4-36EC98566975}"
EndProject
Project("{FAE04EC0-301F-11D3-BF4B-00C04F79EFBC}") = "Xtzp.Extensions.Tests", "Xtzp.Extensions.Tests\Xtzp.Extensions.Tests.csproj", "{5D472E65-E9F0-43B3-BE4C-BC7E2FB01984}"
EndProject
Global
	GlobalSection(SolutionConfigurationPlatforms) = preSolution
		Debug|Any CPU = Debug|Any CPU
		Release|Any CPU = Release|Any CPU
	EndGlobalSection
	GlobalSection(ProjectConfigurationPlatforms) = postSolution
		{28D0446C-87BE-48B1-85F4-36EC98566975}.Debug|Any CPU.ActiveCfg = Debug|Any CPU
		{28D0446C-87BE-48B1-85F4-36EC98566975}.Debug|Any CPU.Build.0 = Debug|Any CPU
		{28D0446C-87BE-48B1-85F4-36EC98566975}.Release|Any CPU.ActiveCfg = Release|Any CPU
		{28D0446C-87BE-48B1-85F4-36EC98566975}.Release|Any CPU.Build.0 = Release|Any CPU
		{5D472E65-E9F0-43B3-BE4C-BC7E2FB01984}.Debug|Any CPU.ActiveCfg = Debug|Any CPU
		{5D472E65-E9F0-43B3-BE4C-BC7E2FB01984}.Debug|Any CPU.Build.0 = Debug|Any CPU
		{5D472E65-E9F0-43B3-BE4C-BC7E2FB01984}.Release|Any CPU.ActiveCfg = Release|Any CPU
		{5D472E65-E9F0-43B3-BE4C-BC7E2FB01984}.Release|Any CPU.Build.0 = Release|Any CPU
	EndGlobalSection
EndGlobal
